// !$*UTF8*$!
{
	archiveVersion = 1;
	classes = {
	};
	objectVersion = 52;
	objects = {

/* Begin PBXBuildFile section */
		6EE227305DB2A34B5764805A /* Pods_FlixTests.framework in Frameworks */ = {isa = PBXBuildFile; fileRef = 2BC3714D99B8EFAA0E8FA735 /* Pods_FlixTests.framework */; };
		87DC7DD932EDFE9661D58AA5 /* Pods_Flix.framework in Frameworks */ = {isa = PBXBuildFile; fileRef = 2444A9B5DFB88758CD688F43 /* Pods_Flix.framework */; };
		CE6937742702ABC80033DD90 /* MovieDetailsViewController.swift in Sources */ = {isa = PBXBuildFile; fileRef = CE6937732702ABC80033DD90 /* MovieDetailsViewController.swift */; };
		CE6937762703E77C0033DD90 /* MovieGridViewController.swift in Sources */ = {isa = PBXBuildFile; fileRef = CE6937752703E77C0033DD90 /* MovieGridViewController.swift */; };
		CE69377E2703F0520033DD90 /* MovieGridCell.swift in Sources */ = {isa = PBXBuildFile; fileRef = CE69377D2703F0520033DD90 /* MovieGridCell.swift */; };
		CE71014B2700352F0030D049 /* AppDelegate.swift in Sources */ = {isa = PBXBuildFile; fileRef = CE71014A2700352F0030D049 /* AppDelegate.swift */; };
		CE7101522700352F0030D049 /* Main.storyboard in Resources */ = {isa = PBXBuildFile; fileRef = CE7101502700352F0030D049 /* Main.storyboard */; };
		CE710154270035380030D049 /* Assets.xcassets in Resources */ = {isa = PBXBuildFile; fileRef = CE710153270035380030D049 /* Assets.xcassets */; };
		CE710157270035380030D049 /* LaunchScreen.storyboard in Resources */ = {isa = PBXBuildFile; fileRef = CE710155270035380030D049 /* LaunchScreen.storyboard */; };
		CE710162270035390030D049 /* FlixTests.swift in Sources */ = {isa = PBXBuildFile; fileRef = CE710161270035390030D049 /* FlixTests.swift */; };
		CE71016D270035390030D049 /* FlixUITests.swift in Sources */ = {isa = PBXBuildFile; fileRef = CE71016C270035390030D049 /* FlixUITests.swift */; };
		CE71017B270038AF0030D049 /* MoviesViewController.swift in Sources */ = {isa = PBXBuildFile; fileRef = CE71017A270038AF0030D049 /* MoviesViewController.swift */; };
		CE71017D270040E40030D049 /* SceneDelegate.swift in Sources */ = {isa = PBXBuildFile; fileRef = CE71017C270040E40030D049 /* SceneDelegate.swift */; };
		CE71017F270043950030D049 /* MovieCell.swift in Sources */ = {isa = PBXBuildFile; fileRef = CE71017E270043950030D049 /* MovieCell.swift */; };
		CE71018227004A180030D049 /* AlamofireImage in Frameworks */ = {isa = PBXBuildFile; productRef = CE71018127004A180030D049 /* AlamofireImage */; };
		E8F92BF21DDE2FEB012DADE0 /* Pods_Flix_FlixUITests.framework in Frameworks */ = {isa = PBXBuildFile; fileRef = 8193EDD6686CE00F99A7676F /* Pods_Flix_FlixUITests.framework */; };
/* End PBXBuildFile section */

/* Begin PBXContainerItemProxy section */
		CE71015E270035390030D049 /* PBXContainerItemProxy */ = {
			isa = PBXContainerItemProxy;
			containerPortal = CE71013F2700352F0030D049 /* Project object */;
			proxyType = 1;
			remoteGlobalIDString = CE7101462700352F0030D049;
			remoteInfo = Flix;
		};
		CE710169270035390030D049 /* PBXContainerItemProxy */ = {
			isa = PBXContainerItemProxy;
			containerPortal = CE71013F2700352F0030D049 /* Project object */;
			proxyType = 1;
			remoteGlobalIDString = CE7101462700352F0030D049;
			remoteInfo = Flix;
		};
/* End PBXContainerItemProxy section */

/* Begin PBXFileReference section */
		2444A9B5DFB88758CD688F43 /* Pods_Flix.framework */ = {isa = PBXFileReference; explicitFileType = wrapper.framework; includeInIndex = 0; path = Pods_Flix.framework; sourceTree = BUILT_PRODUCTS_DIR; };
		2BC3714D99B8EFAA0E8FA735 /* Pods_FlixTests.framework */ = {isa = PBXFileReference; explicitFileType = wrapper.framework; includeInIndex = 0; path = Pods_FlixTests.framework; sourceTree = BUILT_PRODUCTS_DIR; };
		47EBAA3DBA078251B1FCD727 /* Pods-Flix.debug.xcconfig */ = {isa = PBXFileReference; includeInIndex = 1; lastKnownFileType = text.xcconfig; name = "Pods-Flix.debug.xcconfig"; path = "Target Support Files/Pods-Flix/Pods-Flix.debug.xcconfig"; sourceTree = "<group>"; };
		552893B653EA7EB839E3E05E /* Pods-FlixTests.debug.xcconfig */ = {isa = PBXFileReference; includeInIndex = 1; lastKnownFileType = text.xcconfig; name = "Pods-FlixTests.debug.xcconfig"; path = "Target Support Files/Pods-FlixTests/Pods-FlixTests.debug.xcconfig"; sourceTree = "<group>"; };
		8193EDD6686CE00F99A7676F /* Pods_Flix_FlixUITests.framework */ = {isa = PBXFileReference; explicitFileType = wrapper.framework; includeInIndex = 0; path = Pods_Flix_FlixUITests.framework; sourceTree = BUILT_PRODUCTS_DIR; };
		976AB81EE5C6B96BB429650B /* Pods-Flix.release.xcconfig */ = {isa = PBXFileReference; includeInIndex = 1; lastKnownFileType = text.xcconfig; name = "Pods-Flix.release.xcconfig"; path = "Target Support Files/Pods-Flix/Pods-Flix.release.xcconfig"; sourceTree = "<group>"; };
		C08099490CDE57A07EC69DD6 /* Pods-Flix-FlixUITests.debug.xcconfig */ = {isa = PBXFileReference; includeInIndex = 1; lastKnownFileType = text.xcconfig; name = "Pods-Flix-FlixUITests.debug.xcconfig"; path = "Target Support Files/Pods-Flix-FlixUITests/Pods-Flix-FlixUITests.debug.xcconfig"; sourceTree = "<group>"; };
		CC6D2E741EE6086E34AC2708 /* Pods-Flix-FlixUITests.release.xcconfig */ = {isa = PBXFileReference; includeInIndex = 1; lastKnownFileType = text.xcconfig; name = "Pods-Flix-FlixUITests.release.xcconfig"; path = "Target Support Files/Pods-Flix-FlixUITests/Pods-Flix-FlixUITests.release.xcconfig"; sourceTree = "<group>"; };
		CE6937732702ABC80033DD90 /* MovieDetailsViewController.swift */ = {isa = PBXFileReference; lastKnownFileType = sourcecode.swift; path = MovieDetailsViewController.swift; sourceTree = "<group>"; };
		CE6937752703E77C0033DD90 /* MovieGridViewController.swift */ = {isa = PBXFileReference; lastKnownFileType = sourcecode.swift; path = MovieGridViewController.swift; sourceTree = "<group>"; };
		CE69377D2703F0520033DD90 /* MovieGridCell.swift */ = {isa = PBXFileReference; lastKnownFileType = sourcecode.swift; path = MovieGridCell.swift; sourceTree = "<group>"; };
		CE7101472700352F0030D049 /* Flix.app */ = {isa = PBXFileReference; explicitFileType = wrapper.application; includeInIndex = 0; path = Flix.app; sourceTree = BUILT_PRODUCTS_DIR; };
		CE71014A2700352F0030D049 /* AppDelegate.swift */ = {isa = PBXFileReference; lastKnownFileType = sourcecode.swift; path = AppDelegate.swift; sourceTree = "<group>"; };
		CE7101512700352F0030D049 /* Base */ = {isa = PBXFileReference; lastKnownFileType = file.storyboard; name = Base; path = Base.lproj/Main.storyboard; sourceTree = "<group>"; };
		CE710153270035380030D049 /* Assets.xcassets */ = {isa = PBXFileReference; lastKnownFileType = folder.assetcatalog; path = Assets.xcassets; sourceTree = "<group>"; };
		CE710156270035380030D049 /* Base */ = {isa = PBXFileReference; lastKnownFileType = file.storyboard; name = Base; path = Base.lproj/LaunchScreen.storyboard; sourceTree = "<group>"; };
		CE710158270035380030D049 /* Info.plist */ = {isa = PBXFileReference; lastKnownFileType = text.plist.xml; path = Info.plist; sourceTree = "<group>"; };
		CE71015D270035390030D049 /* FlixTests.xctest */ = {isa = PBXFileReference; explicitFileType = wrapper.cfbundle; includeInIndex = 0; path = FlixTests.xctest; sourceTree = BUILT_PRODUCTS_DIR; };
		CE710161270035390030D049 /* FlixTests.swift */ = {isa = PBXFileReference; lastKnownFileType = sourcecode.swift; path = FlixTests.swift; sourceTree = "<group>"; };
		CE710163270035390030D049 /* Info.plist */ = {isa = PBXFileReference; lastKnownFileType = text.plist.xml; path = Info.plist; sourceTree = "<group>"; };
		CE710168270035390030D049 /* FlixUITests.xctest */ = {isa = PBXFileReference; explicitFileType = wrapper.cfbundle; includeInIndex = 0; path = FlixUITests.xctest; sourceTree = BUILT_PRODUCTS_DIR; };
		CE71016C270035390030D049 /* FlixUITests.swift */ = {isa = PBXFileReference; lastKnownFileType = sourcecode.swift; path = FlixUITests.swift; sourceTree = "<group>"; };
		CE71016E270035390030D049 /* Info.plist */ = {isa = PBXFileReference; lastKnownFileType = text.plist.xml; path = Info.plist; sourceTree = "<group>"; };
		CE71017A270038AF0030D049 /* MoviesViewController.swift */ = {isa = PBXFileReference; lastKnownFileType = sourcecode.swift; path = MoviesViewController.swift; sourceTree = "<group>"; };
		CE71017C270040E40030D049 /* SceneDelegate.swift */ = {isa = PBXFileReference; fileEncoding = 4; lastKnownFileType = sourcecode.swift; path = SceneDelegate.swift; sourceTree = "<group>"; };
		CE71017E270043950030D049 /* MovieCell.swift */ = {isa = PBXFileReference; lastKnownFileType = sourcecode.swift; path = MovieCell.swift; sourceTree = "<group>"; };
		D2E09B779C430F7F6FAE07C7 /* Pods-FlixTests.release.xcconfig */ = {isa = PBXFileReference; includeInIndex = 1; lastKnownFileType = text.xcconfig; name = "Pods-FlixTests.release.xcconfig"; path = "Target Support Files/Pods-FlixTests/Pods-FlixTests.release.xcconfig"; sourceTree = "<group>"; };
/* End PBXFileReference section */

/* Begin PBXFrameworksBuildPhase section */
		CE7101442700352F0030D049 /* Frameworks */ = {
			isa = PBXFrameworksBuildPhase;
			buildActionMask = 2147483647;
			files = (
				CE71018227004A180030D049 /* AlamofireImage in Frameworks */,
				87DC7DD932EDFE9661D58AA5 /* Pods_Flix.framework in Frameworks */,
			);
			runOnlyForDeploymentPostprocessing = 0;
		};
		CE71015A270035390030D049 /* Frameworks */ = {
			isa = PBXFrameworksBuildPhase;
			buildActionMask = 2147483647;
			files = (
				6EE227305DB2A34B5764805A /* Pods_FlixTests.framework in Frameworks */,
			);
			runOnlyForDeploymentPostprocessing = 0;
		};
		CE710165270035390030D049 /* Frameworks */ = {
			isa = PBXFrameworksBuildPhase;
			buildActionMask = 2147483647;
			files = (
				E8F92BF21DDE2FEB012DADE0 /* Pods_Flix_FlixUITests.framework in Frameworks */,
			);
			runOnlyForDeploymentPostprocessing = 0;
		};
/* End PBXFrameworksBuildPhase section */

/* Begin PBXGroup section */
		612AE4E0CCC6B0F8641820D0 /* Frameworks */ = {
			isa = PBXGroup;
			children = (
				2444A9B5DFB88758CD688F43 /* Pods_Flix.framework */,
				8193EDD6686CE00F99A7676F /* Pods_Flix_FlixUITests.framework */,
				2BC3714D99B8EFAA0E8FA735 /* Pods_FlixTests.framework */,
			);
			name = Frameworks;
			sourceTree = "<group>";
		};
		CE71013E2700352F0030D049 = {
			isa = PBXGroup;
			children = (
				CE7101492700352F0030D049 /* Flix */,
				CE710160270035390030D049 /* FlixTests */,
				CE71016B270035390030D049 /* FlixUITests */,
				CE7101482700352F0030D049 /* Products */,
				E716C7B097A118F07A95F52A /* Pods */,
				612AE4E0CCC6B0F8641820D0 /* Frameworks */,
			);
			sourceTree = "<group>";
		};
		CE7101482700352F0030D049 /* Products */ = {
			isa = PBXGroup;
			children = (
				CE7101472700352F0030D049 /* Flix.app */,
				CE71015D270035390030D049 /* FlixTests.xctest */,
				CE710168270035390030D049 /* FlixUITests.xctest */,
			);
			name = Products;
			sourceTree = "<group>";
		};
		CE7101492700352F0030D049 /* Flix */ = {
			isa = PBXGroup;
			children = (
				CE71017E270043950030D049 /* MovieCell.swift */,
				CE71014A2700352F0030D049 /* AppDelegate.swift */,
				CE71017A270038AF0030D049 /* MoviesViewController.swift */,
				CE71017C270040E40030D049 /* SceneDelegate.swift */,
				CE7101502700352F0030D049 /* Main.storyboard */,
				CE69377D2703F0520033DD90 /* MovieGridCell.swift */,
				CE6937752703E77C0033DD90 /* MovieGridViewController.swift */,
				CE6937732702ABC80033DD90 /* MovieDetailsViewController.swift */,
				CE710153270035380030D049 /* Assets.xcassets */,
				CE710155270035380030D049 /* LaunchScreen.storyboard */,
				CE710158270035380030D049 /* Info.plist */,
			);
			path = Flix;
			sourceTree = "<group>";
		};
		CE710160270035390030D049 /* FlixTests */ = {
			isa = PBXGroup;
			children = (
				CE710161270035390030D049 /* FlixTests.swift */,
				CE710163270035390030D049 /* Info.plist */,
			);
			path = FlixTests;
			sourceTree = "<group>";
		};
		CE71016B270035390030D049 /* FlixUITests */ = {
			isa = PBXGroup;
			children = (
				CE71016C270035390030D049 /* FlixUITests.swift */,
				CE71016E270035390030D049 /* Info.plist */,
			);
			path = FlixUITests;
			sourceTree = "<group>";
		};
		E716C7B097A118F07A95F52A /* Pods */ = {
			isa = PBXGroup;
			children = (
				47EBAA3DBA078251B1FCD727 /* Pods-Flix.debug.xcconfig */,
				976AB81EE5C6B96BB429650B /* Pods-Flix.release.xcconfig */,
				C08099490CDE57A07EC69DD6 /* Pods-Flix-FlixUITests.debug.xcconfig */,
				CC6D2E741EE6086E34AC2708 /* Pods-Flix-FlixUITests.release.xcconfig */,
				552893B653EA7EB839E3E05E /* Pods-FlixTests.debug.xcconfig */,
				D2E09B779C430F7F6FAE07C7 /* Pods-FlixTests.release.xcconfig */,
			);
			path = Pods;
			sourceTree = "<group>";
		};
/* End PBXGroup section */

/* Begin PBXNativeTarget section */
		CE7101462700352F0030D049 /* Flix */ = {
			isa = PBXNativeTarget;
			buildConfigurationList = CE710171270035390030D049 /* Build configuration list for PBXNativeTarget "Flix" */;
			buildPhases = (
				0F7152A66D3A0ED99E180A9B /* [CP] Check Pods Manifest.lock */,
				CE7101432700352F0030D049 /* Sources */,
				CE7101442700352F0030D049 /* Frameworks */,
				CE7101452700352F0030D049 /* Resources */,
				C05F995B0B474FAAB4FEE5E4 /* [CP] Embed Pods Frameworks */,
			);
			buildRules = (
			);
			dependencies = (
			);
			name = Flix;
			packageProductDependencies = (
				CE71018127004A180030D049 /* AlamofireImage */,
			);
			productName = Flix;
			productReference = CE7101472700352F0030D049 /* Flix.app */;
			productType = "com.apple.product-type.application";
		};
		CE71015C270035390030D049 /* FlixTests */ = {
			isa = PBXNativeTarget;
			buildConfigurationList = CE710174270035390030D049 /* Build configuration list for PBXNativeTarget "FlixTests" */;
			buildPhases = (
				94097666F1AE90823AC7718A /* [CP] Check Pods Manifest.lock */,
				CE710159270035390030D049 /* Sources */,
				CE71015A270035390030D049 /* Frameworks */,
				CE71015B270035390030D049 /* Resources */,
			);
			buildRules = (
			);
			dependencies = (
				CE71015F270035390030D049 /* PBXTargetDependency */,
			);
			name = FlixTests;
			productName = FlixTests;
			productReference = CE71015D270035390030D049 /* FlixTests.xctest */;
			productType = "com.apple.product-type.bundle.unit-test";
		};
		CE710167270035390030D049 /* FlixUITests */ = {
			isa = PBXNativeTarget;
			buildConfigurationList = CE710177270035390030D049 /* Build configuration list for PBXNativeTarget "FlixUITests" */;
			buildPhases = (
				89B912EEE2D75A785F0C06A4 /* [CP] Check Pods Manifest.lock */,
				CE710164270035390030D049 /* Sources */,
				CE710165270035390030D049 /* Frameworks */,
				CE710166270035390030D049 /* Resources */,
				01037E59597F40B25F5A9263 /* [CP] Embed Pods Frameworks */,
			);
			buildRules = (
			);
			dependencies = (
				CE71016A270035390030D049 /* PBXTargetDependency */,
			);
			name = FlixUITests;
			productName = FlixUITests;
			productReference = CE710168270035390030D049 /* FlixUITests.xctest */;
			productType = "com.apple.product-type.bundle.ui-testing";
		};
/* End PBXNativeTarget section */

/* Begin PBXProject section */
		CE71013F2700352F0030D049 /* Project object */ = {
			isa = PBXProject;
			attributes = {
				LastSwiftUpdateCheck = 1250;
				LastUpgradeCheck = 1250;
				TargetAttributes = {
					CE7101462700352F0030D049 = {
						CreatedOnToolsVersion = 12.5.1;
					};
					CE71015C270035390030D049 = {
						CreatedOnToolsVersion = 12.5.1;
						TestTargetID = CE7101462700352F0030D049;
					};
					CE710167270035390030D049 = {
						CreatedOnToolsVersion = 12.5.1;
						TestTargetID = CE7101462700352F0030D049;
					};
				};
			};
			buildConfigurationList = CE7101422700352F0030D049 /* Build configuration list for PBXProject "Flix" */;
			compatibilityVersion = "Xcode 9.3";
			developmentRegion = en;
			hasScannedForEncodings = 0;
			knownRegions = (
				en,
				Base,
			);
			mainGroup = CE71013E2700352F0030D049;
			packageReferences = (
				CE71018027004A180030D049 /* XCRemoteSwiftPackageReference "AlamofireImage" */,
			);
			productRefGroup = CE7101482700352F0030D049 /* Products */;
			projectDirPath = "";
			projectRoot = "";
			targets = (
				CE7101462700352F0030D049 /* Flix */,
				CE71015C270035390030D049 /* FlixTests */,
				CE710167270035390030D049 /* FlixUITests */,
			);
		};
/* End PBXProject section */

/* Begin PBXResourcesBuildPhase section */
		CE7101452700352F0030D049 /* Resources */ = {
			isa = PBXResourcesBuildPhase;
			buildActionMask = 2147483647;
			files = (
				CE710157270035380030D049 /* LaunchScreen.storyboard in Resources */,
				CE710154270035380030D049 /* Assets.xcassets in Resources */,
				CE7101522700352F0030D049 /* Main.storyboard in Resources */,
			);
			runOnlyForDeploymentPostprocessing = 0;
		};
		CE71015B270035390030D049 /* Resources */ = {
			isa = PBXResourcesBuildPhase;
			buildActionMask = 2147483647;
			files = (
			);
			runOnlyForDeploymentPostprocessing = 0;
		};
		CE710166270035390030D049 /* Resources */ = {
			isa = PBXResourcesBuildPhase;
			buildActionMask = 2147483647;
			files = (
			);
			runOnlyForDeploymentPostprocessing = 0;
		};
/* End PBXResourcesBuildPhase section */

/* Begin PBXShellScriptBuildPhase section */
		01037E59597F40B25F5A9263 /* [CP] Embed Pods Frameworks */ = {
			isa = PBXShellScriptBuildPhase;
			buildActionMask = 2147483647;
			files = (
			);
			inputFileListPaths = (
				"${PODS_ROOT}/Target Support Files/Pods-Flix-FlixUITests/Pods-Flix-FlixUITests-frameworks-${CONFIGURATION}-input-files.xcfilelist",
			);
			name = "[CP] Embed Pods Frameworks";
			outputFileListPaths = (
				"${PODS_ROOT}/Target Support Files/Pods-Flix-FlixUITests/Pods-Flix-FlixUITests-frameworks-${CONFIGURATION}-output-files.xcfilelist",
			);
			runOnlyForDeploymentPostprocessing = 0;
			shellPath = /bin/sh;
			shellScript = "\"${PODS_ROOT}/Target Support Files/Pods-Flix-FlixUITests/Pods-Flix-FlixUITests-frameworks.sh\"\n";
			showEnvVarsInLog = 0;
		};
		0F7152A66D3A0ED99E180A9B /* [CP] Check Pods Manifest.lock */ = {
			isa = PBXShellScriptBuildPhase;
			buildActionMask = 2147483647;
			files = (
			);
			inputFileListPaths = (
			);
			inputPaths = (
				"${PODS_PODFILE_DIR_PATH}/Podfile.lock",
				"${PODS_ROOT}/Manifest.lock",
			);
			name = "[CP] Check Pods Manifest.lock";
			outputFileListPaths = (
			);
			outputPaths = (
				"$(DERIVED_FILE_DIR)/Pods-Flix-checkManifestLockResult.txt",
			);
			runOnlyForDeploymentPostprocessing = 0;
			shellPath = /bin/sh;
			shellScript = "diff \"${PODS_PODFILE_DIR_PATH}/Podfile.lock\" \"${PODS_ROOT}/Manifest.lock\" > /dev/null\nif [ $? != 0 ] ; then\n    # print error to STDERR\n    echo \"error: The sandbox is not in sync with the Podfile.lock. Run 'pod install' or update your CocoaPods installation.\" >&2\n    exit 1\nfi\n# This output is used by Xcode 'outputs' to avoid re-running this script phase.\necho \"SUCCESS\" > \"${SCRIPT_OUTPUT_FILE_0}\"\n";
			showEnvVarsInLog = 0;
		};
		89B912EEE2D75A785F0C06A4 /* [CP] Check Pods Manifest.lock */ = {
			isa = PBXShellScriptBuildPhase;
			buildActionMask = 2147483647;
			files = (
			);
			inputFileListPaths = (
			);
			inputPaths = (
				"${PODS_PODFILE_DIR_PATH}/Podfile.lock",
				"${PODS_ROOT}/Manifest.lock",
			);
			name = "[CP] Check Pods Manifest.lock";
			outputFileListPaths = (
			);
			outputPaths = (
				"$(DERIVED_FILE_DIR)/Pods-Flix-FlixUITests-checkManifestLockResult.txt",
			);
			runOnlyForDeploymentPostprocessing = 0;
			shellPath = /bin/sh;
			shellScript = "diff \"${PODS_PODFILE_DIR_PATH}/Podfile.lock\" \"${PODS_ROOT}/Manifest.lock\" > /dev/null\nif [ $? != 0 ] ; then\n    # print error to STDERR\n    echo \"error: The sandbox is not in sync with the Podfile.lock. Run 'pod install' or update your CocoaPods installation.\" >&2\n    exit 1\nfi\n# This output is used by Xcode 'outputs' to avoid re-running this script phase.\necho \"SUCCESS\" > \"${SCRIPT_OUTPUT_FILE_0}\"\n";
			showEnvVarsInLog = 0;
		};
		94097666F1AE90823AC7718A /* [CP] Check Pods Manifest.lock */ = {
			isa = PBXShellScriptBuildPhase;
			buildActionMask = 2147483647;
			files = (
			);
			inputFileListPaths = (
			);
			inputPaths = (
				"${PODS_PODFILE_DIR_PATH}/Podfile.lock",
				"${PODS_ROOT}/Manifest.lock",
			);
			name = "[CP] Check Pods Manifest.lock";
			outputFileListPaths = (
			);
			outputPaths = (
				"$(DERIVED_FILE_DIR)/Pods-FlixTests-checkManifestLockResult.txt",
			);
			runOnlyForDeploymentPostprocessing = 0;
			shellPath = /bin/sh;
			shellScript = "diff \"${PODS_PODFILE_DIR_PATH}/Podfile.lock\" \"${PODS_ROOT}/Manifest.lock\" > /dev/null\nif [ $? != 0 ] ; then\n    # print error to STDERR\n    echo \"error: The sandbox is not in sync with the Podfile.lock. Run 'pod install' or update your CocoaPods installation.\" >&2\n    exit 1\nfi\n# This output is used by Xcode 'outputs' to avoid re-running this script phase.\necho \"SUCCESS\" > \"${SCRIPT_OUTPUT_FILE_0}\"\n";
			showEnvVarsInLog = 0;
		};
		C05F995B0B474FAAB4FEE5E4 /* [CP] Embed Pods Frameworks */ = {
			isa = PBXShellScriptBuildPhase;
			buildActionMask = 2147483647;
			files = (
			);
			inputFileListPaths = (
				"${PODS_ROOT}/Target Support Files/Pods-Flix/Pods-Flix-frameworks-${CONFIGURATION}-input-files.xcfilelist",
			);
			name = "[CP] Embed Pods Frameworks";
			outputFileListPaths = (
				"${PODS_ROOT}/Target Support Files/Pods-Flix/Pods-Flix-frameworks-${CONFIGURATION}-output-files.xcfilelist",
			);
			runOnlyForDeploymentPostprocessing = 0;
			shellPath = /bin/sh;
			shellScript = "\"${PODS_ROOT}/Target Support Files/Pods-Flix/Pods-Flix-frameworks.sh\"\n";
			showEnvVarsInLog = 0;
		};
/* End PBXShellScriptBuildPhase section */

/* Begin PBXSourcesBuildPhase section */
		CE7101432700352F0030D049 /* Sources */ = {
			isa = PBXSourcesBuildPhase;
			buildActionMask = 2147483647;
			files = (
				CE6937742702ABC80033DD90 /* MovieDetailsViewController.swift in Sources */,
				CE71014B2700352F0030D049 /* AppDelegate.swift in Sources */,
				CE71017B270038AF0030D049 /* MoviesViewController.swift in Sources */,
				CE71017F270043950030D049 /* MovieCell.swift in Sources */,
				CE71017D270040E40030D049 /* SceneDelegate.swift in Sources */,
				CE6937762703E77C0033DD90 /* MovieGridViewController.swift in Sources */,
				CE69377E2703F0520033DD90 /* MovieGridCell.swift in Sources */,
			);
			runOnlyForDeploymentPostprocessing = 0;
		};
		CE710159270035390030D049 /* Sources */ = {
			isa = PBXSourcesBuildPhase;
			buildActionMask = 2147483647;
			files = (
				CE710162270035390030D049 /* FlixTests.swift in Sources */,
			);
			runOnlyForDeploymentPostprocessing = 0;
		};
		CE710164270035390030D049 /* Sources */ = {
			isa = PBXSourcesBuildPhase;
			buildActionMask = 2147483647;
			files = (
				CE71016D270035390030D049 /* FlixUITests.swift in Sources */,
			);
			runOnlyForDeploymentPostprocessing = 0;
		};
/* End PBXSourcesBuildPhase section */

/* Begin PBXTargetDependency section */
		CE71015F270035390030D049 /* PBXTargetDependency */ = {
			isa = PBXTargetDependency;
			target = CE7101462700352F0030D049 /* Flix */;
			targetProxy = CE71015E270035390030D049 /* PBXContainerItemProxy */;
		};
		CE71016A270035390030D049 /* PBXTargetDependency */ = {
			isa = PBXTargetDependency;
			target = CE7101462700352F0030D049 /* Flix */;
			targetProxy = CE710169270035390030D049 /* PBXContainerItemProxy */;
		};
/* End PBXTargetDependency section */

/* Begin PBXVariantGroup section */
		CE7101502700352F0030D049 /* Main.storyboard */ = {
			isa = PBXVariantGroup;
			children = (
				CE7101512700352F0030D049 /* Base */,
			);
			name = Main.storyboard;
			sourceTree = "<group>";
		};
		CE710155270035380030D049 /* LaunchScreen.storyboard */ = {
			isa = PBXVariantGroup;
			children = (
				CE710156270035380030D049 /* Base */,
			);
			name = LaunchScreen.storyboard;
			sourceTree = "<group>";
		};
/* End PBXVariantGroup section */

/* Begin XCBuildConfiguration section */
		CE71016F270035390030D049 /* Debug */ = {
			isa = XCBuildConfiguration;
			buildSettings = {
				ALWAYS_SEARCH_USER_PATHS = NO;
				CLANG_ANALYZER_NONNULL = YES;
				CLANG_ANALYZER_NUMBER_OBJECT_CONVERSION = YES_AGGRESSIVE;
				CLANG_CXX_LANGUAGE_STANDARD = "gnu++14";
				CLANG_CXX_LIBRARY = "libc++";
				CLANG_ENABLE_MODULES = YES;
				CLANG_ENABLE_OBJC_ARC = YES;
				CLANG_ENABLE_OBJC_WEAK = YES;
				CLANG_WARN_BLOCK_CAPTURE_AUTORELEASING = YES;
				CLANG_WARN_BOOL_CONVERSION = YES;
				CLANG_WARN_COMMA = YES;
				CLANG_WARN_CONSTANT_CONVERSION = YES;
				CLANG_WARN_DEPRECATED_OBJC_IMPLEMENTATIONS = YES;
				CLANG_WARN_DIRECT_OBJC_ISA_USAGE = YES_ERROR;
				CLANG_WARN_DOCUMENTATION_COMMENTS = YES;
				CLANG_WARN_EMPTY_BODY = YES;
				CLANG_WARN_ENUM_CONVERSION = YES;
				CLANG_WARN_INFINITE_RECURSION = YES;
				CLANG_WARN_INT_CONVERSION = YES;
				CLANG_WARN_NON_LITERAL_NULL_CONVERSION = YES;
				CLANG_WARN_OBJC_IMPLICIT_RETAIN_SELF = YES;
				CLANG_WARN_OBJC_LITERAL_CONVERSION = YES;
				CLANG_WARN_OBJC_ROOT_CLASS = YES_ERROR;
				CLANG_WARN_QUOTED_INCLUDE_IN_FRAMEWORK_HEADER = YES;
				CLANG_WARN_RANGE_LOOP_ANALYSIS = YES;
				CLANG_WARN_STRICT_PROTOTYPES = YES;
				CLANG_WARN_SUSPICIOUS_MOVE = YES;
				CLANG_WARN_UNGUARDED_AVAILABILITY = YES_AGGRESSIVE;
				CLANG_WARN_UNREACHABLE_CODE = YES;
				CLANG_WARN__DUPLICATE_METHOD_MATCH = YES;
				COPY_PHASE_STRIP = NO;
				DEBUG_INFORMATION_FORMAT = dwarf;
				ENABLE_STRICT_OBJC_MSGSEND = YES;
				ENABLE_TESTABILITY = YES;
				GCC_C_LANGUAGE_STANDARD = gnu11;
				GCC_DYNAMIC_NO_PIC = NO;
				GCC_NO_COMMON_BLOCKS = YES;
				GCC_OPTIMIZATION_LEVEL = 0;
				GCC_PREPROCESSOR_DEFINITIONS = (
					"DEBUG=1",
					"$(inherited)",
				);
				GCC_WARN_64_TO_32_BIT_CONVERSION = YES;
				GCC_WARN_ABOUT_RETURN_TYPE = YES_ERROR;
				GCC_WARN_UNDECLARED_SELECTOR = YES;
				GCC_WARN_UNINITIALIZED_AUTOS = YES_AGGRESSIVE;
				GCC_WARN_UNUSED_FUNCTION = YES;
				GCC_WARN_UNUSED_VARIABLE = YES;
				IPHONEOS_DEPLOYMENT_TARGET = 14.5;
				MTL_ENABLE_DEBUG_INFO = INCLUDE_SOURCE;
				MTL_FAST_MATH = YES;
				ONLY_ACTIVE_ARCH = YES;
				SDKROOT = iphoneos;
				SWIFT_ACTIVE_COMPILATION_CONDITIONS = DEBUG;
				SWIFT_OPTIMIZATION_LEVEL = "-Onone";
			};
			name = Debug;
		};
		CE710170270035390030D049 /* Release */ = {
			isa = XCBuildConfiguration;
			buildSettings = {
				ALWAYS_SEARCH_USER_PATHS = NO;
				CLANG_ANALYZER_NONNULL = YES;
				CLANG_ANALYZER_NUMBER_OBJECT_CONVERSION = YES_AGGRESSIVE;
				CLANG_CXX_LANGUAGE_STANDARD = "gnu++14";
				CLANG_CXX_LIBRARY = "libc++";
				CLANG_ENABLE_MODULES = YES;
				CLANG_ENABLE_OBJC_ARC = YES;
				CLANG_ENABLE_OBJC_WEAK = YES;
				CLANG_WARN_BLOCK_CAPTURE_AUTORELEASING = YES;
				CLANG_WARN_BOOL_CONVERSION = YES;
				CLANG_WARN_COMMA = YES;
				CLANG_WARN_CONSTANT_CONVERSION = YES;
				CLANG_WARN_DEPRECATED_OBJC_IMPLEMENTATIONS = YES;
				CLANG_WARN_DIRECT_OBJC_ISA_USAGE = YES_ERROR;
				CLANG_WARN_DOCUMENTATION_COMMENTS = YES;
				CLANG_WARN_EMPTY_BODY = YES;
				CLANG_WARN_ENUM_CONVERSION = YES;
				CLANG_WARN_INFINITE_RECURSION = YES;
				CLANG_WARN_INT_CONVERSION = YES;
				CLANG_WARN_NON_LITERAL_NULL_CONVERSION = YES;
				CLANG_WARN_OBJC_IMPLICIT_RETAIN_SELF = YES;
				CLANG_WARN_OBJC_LITERAL_CONVERSION = YES;
				CLANG_WARN_OBJC_ROOT_CLASS = YES_ERROR;
				CLANG_WARN_QUOTED_INCLUDE_IN_FRAMEWORK_HEADER = YES;
				CLANG_WARN_RANGE_LOOP_ANALYSIS = YES;
				CLANG_WARN_STRICT_PROTOTYPES = YES;
				CLANG_WARN_SUSPICIOUS_MOVE = YES;
				CLANG_WARN_UNGUARDED_AVAILABILITY = YES_AGGRESSIVE;
				CLANG_WARN_UNREACHABLE_CODE = YES;
				CLANG_WARN__DUPLICATE_METHOD_MATCH = YES;
				COPY_PHASE_STRIP = NO;
				DEBUG_INFORMATION_FORMAT = "dwarf-with-dsym";
				ENABLE_NS_ASSERTIONS = NO;
				ENABLE_STRICT_OBJC_MSGSEND = YES;
				GCC_C_LANGUAGE_STANDARD = gnu11;
				GCC_NO_COMMON_BLOCKS = YES;
				GCC_WARN_64_TO_32_BIT_CONVERSION = YES;
				GCC_WARN_ABOUT_RETURN_TYPE = YES_ERROR;
				GCC_WARN_UNDECLARED_SELECTOR = YES;
				GCC_WARN_UNINITIALIZED_AUTOS = YES_AGGRESSIVE;
				GCC_WARN_UNUSED_FUNCTION = YES;
				GCC_WARN_UNUSED_VARIABLE = YES;
				IPHONEOS_DEPLOYMENT_TARGET = 14.5;
				MTL_ENABLE_DEBUG_INFO = NO;
				MTL_FAST_MATH = YES;
				SDKROOT = iphoneos;
				SWIFT_COMPILATION_MODE = wholemodule;
				SWIFT_OPTIMIZATION_LEVEL = "-O";
				VALIDATE_PRODUCT = YES;
			};
			name = Release;
		};
		CE710172270035390030D049 /* Debug */ = {
			isa = XCBuildConfiguration;
			baseConfigurationReference = 47EBAA3DBA078251B1FCD727 /* Pods-Flix.debug.xcconfig */;
			buildSettings = {
				ASSETCATALOG_COMPILER_APPICON_NAME = AppIcon;
				ASSETCATALOG_COMPILER_GLOBAL_ACCENT_COLOR_NAME = AccentColor;
				CODE_SIGN_STYLE = Automatic;
				DEVELOPMENT_TEAM = 8JA9Y4MCKN;
				INFOPLIST_FILE = Flix/Info.plist;
				LD_RUNPATH_SEARCH_PATHS = (
					"$(inherited)",
					"@executable_path/Frameworks",
				);
				PRODUCT_BUNDLE_IDENTIFIER = "com.lepperj-oregonstate.edu.Flix";
				PRODUCT_NAME = "$(TARGET_NAME)";
				SWIFT_VERSION = 5.0;
				TARGETED_DEVICE_FAMILY = "1,2";
			};
			name = Debug;
		};
		CE710173270035390030D049 /* Release */ = {
			isa = XCBuildConfiguration;
			baseConfigurationReference = 976AB81EE5C6B96BB429650B /* Pods-Flix.release.xcconfig */;
			buildSettings = {
				ASSETCATALOG_COMPILER_APPICON_NAME = AppIcon;
				ASSETCATALOG_COMPILER_GLOBAL_ACCENT_COLOR_NAME = AccentColor;
				CODE_SIGN_STYLE = Automatic;
				DEVELOPMENT_TEAM = 8JA9Y4MCKN;
				INFOPLIST_FILE = Flix/Info.plist;
				LD_RUNPATH_SEARCH_PATHS = (
					"$(inherited)",
					"@executable_path/Frameworks",
				);
				PRODUCT_BUNDLE_IDENTIFIER = "com.lepperj-oregonstate.edu.Flix";
				PRODUCT_NAME = "$(TARGET_NAME)";
				SWIFT_VERSION = 5.0;
				TARGETED_DEVICE_FAMILY = "1,2";
			};
			name = Release;
		};
		CE710175270035390030D049 /* Debug */ = {
			isa = XCBuildConfiguration;
			baseConfigurationReference = 552893B653EA7EB839E3E05E /* Pods-FlixTests.debug.xcconfig */;
			buildSettings = {
				ALWAYS_EMBED_SWIFT_STANDARD_LIBRARIES = YES;
				BUNDLE_LOADER = "$(TEST_HOST)";
				CODE_SIGN_STYLE = Automatic;
				DEVELOPMENT_TEAM = 8JA9Y4MCKN;
				INFOPLIST_FILE = FlixTests/Info.plist;
				IPHONEOS_DEPLOYMENT_TARGET = 14.5;
				LD_RUNPATH_SEARCH_PATHS = (
					"$(inherited)",
					"@executable_path/Frameworks",
					"@loader_path/Frameworks",
				);
				PRODUCT_BUNDLE_IDENTIFIER = "com.lepperj-oregonstate.edu.FlixTests";
				PRODUCT_NAME = "$(TARGET_NAME)";
				SWIFT_VERSION = 5.0;
				TARGETED_DEVICE_FAMILY = "1,2";
				TEST_HOST = "$(BUILT_PRODUCTS_DIR)/Flix.app/Flix";
			};
			name = Debug;
		};
		CE710176270035390030D049 /* Release */ = {
			isa = XCBuildConfiguration;
			baseConfigurationReference = D2E09B779C430F7F6FAE07C7 /* Pods-FlixTests.release.xcconfig */;
			buildSettings = {
				ALWAYS_EMBED_SWIFT_STANDARD_LIBRARIES = YES;
				BUNDLE_LOADER = "$(TEST_HOST)";
				CODE_SIGN_STYLE = Automatic;
				DEVELOPMENT_TEAM = 8JA9Y4MCKN;
				INFOPLIST_FILE = FlixTests/Info.plist;
				IPHONEOS_DEPLOYMENT_TARGET = 14.5;
				LD_RUNPATH_SEARCH_PATHS = (
					"$(inherited)",
					"@executable_path/Frameworks",
					"@loader_path/Frameworks",
				);
				PRODUCT_BUNDLE_IDENTIFIER = "com.lepperj-oregonstate.edu.FlixTests";
				PRODUCT_NAME = "$(TARGET_NAME)";
				SWIFT_VERSION = 5.0;
				TARGETED_DEVICE_FAMILY = "1,2";
				TEST_HOST = "$(BUILT_PRODUCTS_DIR)/Flix.app/Flix";
			};
			name = Release;
		};
		CE710178270035390030D049 /* Debug */ = {
			isa = XCBuildConfiguration;
			baseConfigurationReference = C08099490CDE57A07EC69DD6 /* Pods-Flix-FlixUITests.debug.xcconfig */;
			buildSettings = {
				ALWAYS_EMBED_SWIFT_STANDARD_LIBRARIES = YES;
				CODE_SIGN_STYLE = Automatic;
				DEVELOPMENT_TEAM = 8JA9Y4MCKN;
				INFOPLIST_FILE = FlixUITests/Info.plist;
				LD_RUNPATH_SEARCH_PATHS = (
					"$(inherited)",
					"@executable_path/Frameworks",
					"@loader_path/Frameworks",
				);
				PRODUCT_BUNDLE_IDENTIFIER = "com.lepperj-oregonstate.edu.FlixUITests";
				PRODUCT_NAME = "$(TARGET_NAME)";
				SWIFT_VERSION = 5.0;
				TARGETED_DEVICE_FAMILY = "1,2";
				TEST_TARGET_NAME = Flix;
			};
			name = Debug;
		};
		CE710179270035390030D049 /* Release */ = {
			isa = XCBuildConfiguration;
			baseConfigurationReference = CC6D2E741EE6086E34AC2708 /* Pods-Flix-FlixUITests.release.xcconfig */;
			buildSettings = {
				ALWAYS_EMBED_SWIFT_STANDARD_LIBRARIES = YES;
				CODE_SIGN_STYLE = Automatic;
				DEVELOPMENT_TEAM = 8JA9Y4MCKN;
				INFOPLIST_FILE = FlixUITests/Info.plist;
				LD_RUNPATH_SEARCH_PATHS = (
					"$(inherited)",
					"@executable_path/Frameworks",
					"@loader_path/Frameworks",
				);
				PRODUCT_BUNDLE_IDENTIFIER = "com.lepperj-oregonstate.edu.FlixUITests";
				PRODUCT_NAME = "$(TARGET_NAME)";
				SWIFT_VERSION = 5.0;
				TARGETED_DEVICE_FAMILY = "1,2";
				TEST_TARGET_NAME = Flix;
			};
			name = Release;
		};
/* End XCBuildConfiguration section */

/* Begin XCConfigurationList section */
		CE7101422700352F0030D049 /* Build configuration list for PBXProject "Flix" */ = {
			isa = XCConfigurationList;
			buildConfigurations = (
				CE71016F270035390030D049 /* Debug */,
				CE710170270035390030D049 /* Release */,
			);
			defaultConfigurationIsVisible = 0;
			defaultConfigurationName = Release;
		};
		CE710171270035390030D049 /* Build configuration list for PBXNativeTarget "Flix" */ = {
			isa = XCConfigurationList;
			buildConfigurations = (
				CE710172270035390030D049 /* Debug */,
				CE710173270035390030D049 /* Release */,
			);
			defaultConfigurationIsVisible = 0;
			defaultConfigurationName = Release;
		};
		CE710174270035390030D049 /* Build configuration list for PBXNativeTarget "FlixTests" */ = {
			isa = XCConfigurationList;
			buildConfigurations = (
				CE710175270035390030D049 /* Debug */,
				CE710176270035390030D049 /* Release */,
			);
			defaultConfigurationIsVisible = 0;
			defaultConfigurationName = Release;
		};
		CE710177270035390030D049 /* Build configuration list for PBXNativeTarget "FlixUITests" */ = {
			isa = XCConfigurationList;
			buildConfigurations = (
				CE710178270035390030D049 /* Debug */,
				CE710179270035390030D049 /* Release */,
			);
			defaultConfigurationIsVisible = 0;
			defaultConfigurationName = Release;
		};
/* End XCConfigurationList section */

/* Begin XCRemoteSwiftPackageReference section */
		CE71018027004A180030D049 /* XCRemoteSwiftPackageReference "AlamofireImage" */ = {
			isa = XCRemoteSwiftPackageReference;
			repositoryURL = "https://github.com/Alamofire/AlamofireImage";
			requirement = {
				kind = upToNextMajorVersion;
				minimumVersion = 4.2.0;
			};
		};
/* End XCRemoteSwiftPackageReference section */

/* Begin XCSwiftPackageProductDependency section */
		CE71018127004A180030D049 /* AlamofireImage */ = {
			isa = XCSwiftPackageProductDependency;
			package = CE71018027004A180030D049 /* XCRemoteSwiftPackageReference "AlamofireImage" */;
			productName = AlamofireImage;
		};
/* End XCSwiftPackageProductDependency section */
	};
	rootObject = CE71013F2700352F0030D049 /* Project object */;
}
